
Microsoft Visual Studio Solution File, Format Version 12.00
# Visual Studio Version 17
VisualStudioVersion = 17.12.35514.174
MinimumVisualStudioVersion = 10.0.40219.1
Project("{FAE04EC0-301F-11D3-BF4B-00C04F79EFBC}") = "ConsoleVideotek", "ConsoleVideotek\ConsoleVideotek.csproj", "{26ED4E29-6966-4255-A2AE-0D1FF51DC8E6}"
EndProject
Project("{FAE04EC0-301F-11D3-BF4B-00C04F79EFBC}") = "ModelVideotek", "ModelVideotek\ModelVideotek.csproj", "{C433225A-BC51-4D00-B3CC-DA42FEF72D52}"
EndProject
Project("{FAE04EC0-301F-11D3-BF4B-00C04F79EFBC}") = "VideotekAPI", "VideotekAPI\VideotekAPI.csproj", "{10377B2B-C482-4E27-87CF-A357BC4472CB}"
EndProject
Global
	GlobalSection(SolutionConfigurationPlatforms) = preSolution
		Debug|Any CPU = Debug|Any CPU
		Release|Any CPU = Release|Any CPU
	EndGlobalSection
	GlobalSection(ProjectConfigurationPlatforms) = postSolution
		{26ED4E29-6966-4255-A2AE-0D1FF51DC8E6}.Debug|Any CPU.ActiveCfg = Debug|Any CPU
		{26ED4E29-6966-4255-A2AE-0D1FF51DC8E6}.Debug|Any CPU.Build.0 = Debug|Any CPU
		{26ED4E29-6966-4255-A2AE-0D1FF51DC8E6}.Release|Any CPU.ActiveCfg = Release|Any CPU
		{26ED4E29-6966-4255-A2AE-0D1FF51DC8E6}.Release|Any CPU.Build.0 = Release|Any CPU
		{C433225A-BC51-4D00-B3CC-DA42FEF72D52}.Debug|Any CPU.ActiveCfg = Debug|Any CPU
		{C433225A-BC51-4D00-B3CC-DA42FEF72D52}.Debug|Any CPU.Build.0 = Debug|Any CPU
		{C433225A-BC51-4D00-B3CC-DA42FEF72D52}.Release|Any CPU.ActiveCfg = Release|Any CPU
		{C433225A-BC51-4D00-B3CC-DA42FEF72D52}.Release|Any CPU.Build.0 = Release|Any CPU
		{10377B2B-C482-4E27-87CF-A357BC4472CB}.Debug|Any CPU.ActiveCfg = Debug|Any CPU
		{10377B2B-C482-4E27-87CF-A357BC4472CB}.Debug|Any CPU.Build.0 = Debug|Any CPU
		{10377B2B-C482-4E27-87CF-A357BC4472CB}.Release|Any CPU.ActiveCfg = Release|Any CPU
		{10377B2B-C482-4E27-87CF-A357BC4472CB}.Release|Any CPU.Build.0 = Release|Any CPU
	EndGlobalSection
	GlobalSection(SolutionProperties) = preSolution
		HideSolutionNode = FALSE
	EndGlobalSection
EndGlobal
